
Microsoft Visual Studio Solution File, Format Version 12.00
# Visual Studio Version 16
VisualStudioVersion = 16.0.33214.272
MinimumVisualStudioVersion = 10.0.40219.1
Project("{FAE04EC0-301F-11D3-BF4B-00C04F79EFBC}") = "Lesson 14.2", "Lesson 14.2\Lesson 14.2.csproj", "{9C97A285-039A-45E9-BC0C-A0575F400942}"
EndProject
Global
	GlobalSection(SolutionConfigurationPlatforms) = preSolution
		Debug|Any CPU = Debug|Any CPU
		Release|Any CPU = Release|Any CPU
	EndGlobalSection
	GlobalSection(ProjectConfigurationPlatforms) = postSolution
		{9C97A285-039A-45E9-BC0C-A0575F400942}.Debug|Any CPU.ActiveCfg = Debug|Any CPU
		{9C97A285-039A-45E9-BC0C-A0575F400942}.Debug|Any CPU.Build.0 = Debug|Any CPU
		{9C97A285-039A-45E9-BC0C-A0575F400942}.Release|Any CPU.ActiveCfg = Release|Any CPU
		{9C97A285-039A-45E9-BC0C-A0575F400942}.Release|Any CPU.Build.0 = Release|Any CPU
	EndGlobalSection
	GlobalSection(SolutionProperties) = preSolution
		HideSolutionNode = FALSE
	EndGlobalSection
	GlobalSection(ExtensibilityGlobals) = postSolution
		SolutionGuid = {FD2C8399-7148-4FE1-A8EA-B485792BDB76}
	EndGlobalSection
EndGlobal
